
Microsoft Visual Studio Solution File, Format Version 12.00
# Visual Studio Version 16
VisualStudioVersion = 16.0.36631.11
MinimumVisualStudioVersion = 10.0.40219.1
Project("{FAE04EC0-301F-11D3-BF4B-00C04F79EFBC}") = "перепиакак", "перепиакак\перепиакак.csproj", "{A253DE66-ACB6-49B0-BC02-C0F4566BB4CA}"
EndProject
Global
	GlobalSection(SolutionConfigurationPlatforms) = preSolution
		Debug|Any CPU = Debug|Any CPU
		Release|Any CPU = Release|Any CPU
	EndGlobalSection
	GlobalSection(ProjectConfigurationPlatforms) = postSolution
		{A253DE66-ACB6-49B0-BC02-C0F4566BB4CA}.Debug|Any CPU.ActiveCfg = Debug|Any CPU
		{A253DE66-ACB6-49B0-BC02-C0F4566BB4CA}.Debug|Any CPU.Build.0 = Debug|Any CPU
		{A253DE66-ACB6-49B0-BC02-C0F4566BB4CA}.Release|Any CPU.ActiveCfg = Release|Any CPU
		{A253DE66-ACB6-49B0-BC02-C0F4566BB4CA}.Release|Any CPU.Build.0 = Release|Any CPU
	EndGlobalSection
	GlobalSection(SolutionProperties) = preSolution
		HideSolutionNode = FALSE
	EndGlobalSection
	GlobalSection(ExtensibilityGlobals) = postSolution
		SolutionGuid = {6E1773E1-3E40-454C-BA52-AFA63DB7B7FD}
	EndGlobalSection
EndGlobal
